
Microsoft Visual Studio Solution File, Format Version 12.00
# Visual Studio Version 16
VisualStudioVersion = 16.0.29009.5
MinimumVisualStudioVersion = 10.0.40219.1
Project("{9A19103F-16F7-4668-BE54-9A1E7A4F7556}") = "TriggerExceptionHandler.Demo", "ExceptionHandler.Demo\TriggerExceptionHandler.Demo.csproj", "{BE46EE6B-DFAA-4037-8D2D-AE69F5C3C3FB}"
EndProject
Project("{9A19103F-16F7-4668-BE54-9A1E7A4F7556}") = "TriggerExceptionHandler", "TriggerExceptionHandler\TriggerExceptionHandler.csproj", "{84787762-2F45-4927-88A6-32D40A55E619}"
EndProject
Project("{FAE04EC0-301F-11D3-BF4B-00C04F79EFBC}") = "TriggerExceptionHandler.Test", "TriggerExceptionHandler.Test\TriggerExceptionHandler.Test.csproj", "{AF918E16-3660-4A49-8791-0CB7E8483414}"
EndProject
Global
	GlobalSection(SolutionConfigurationPlatforms) = preSolution
		Debug|Any CPU = Debug|Any CPU
		Release|Any CPU = Release|Any CPU
	EndGlobalSection
	GlobalSection(ProjectConfigurationPlatforms) = postSolution
		{BE46EE6B-DFAA-4037-8D2D-AE69F5C3C3FB}.Debug|Any CPU.ActiveCfg = Debug|Any CPU
		{BE46EE6B-DFAA-4037-8D2D-AE69F5C3C3FB}.Debug|Any CPU.Build.0 = Debug|Any CPU
		{BE46EE6B-DFAA-4037-8D2D-AE69F5C3C3FB}.Release|Any CPU.ActiveCfg = Release|Any CPU
		{BE46EE6B-DFAA-4037-8D2D-AE69F5C3C3FB}.Release|Any CPU.Build.0 = Release|Any CPU
		{84787762-2F45-4927-88A6-32D40A55E619}.Debug|Any CPU.ActiveCfg = Debug|Any CPU
		{84787762-2F45-4927-88A6-32D40A55E619}.Debug|Any CPU.Build.0 = Debug|Any CPU
		{84787762-2F45-4927-88A6-32D40A55E619}.Release|Any CPU.ActiveCfg = Release|Any CPU
		{84787762-2F45-4927-88A6-32D40A55E619}.Release|Any CPU.Build.0 = Release|Any CPU
		{AF918E16-3660-4A49-8791-0CB7E8483414}.Debug|Any CPU.ActiveCfg = Debug|Any CPU
		{AF918E16-3660-4A49-8791-0CB7E8483414}.Debug|Any CPU.Build.0 = Debug|Any CPU
		{AF918E16-3660-4A49-8791-0CB7E8483414}.Release|Any CPU.ActiveCfg = Release|Any CPU
		{AF918E16-3660-4A49-8791-0CB7E8483414}.Release|Any CPU.Build.0 = Release|Any CPU
	EndGlobalSection
	GlobalSection(SolutionProperties) = preSolution
		HideSolutionNode = FALSE
	EndGlobalSection
	GlobalSection(ExtensibilityGlobals) = postSolution
		SolutionGuid = {158E80A6-9DD3-4EF3-B082-5D301BD8B9BA}
	EndGlobalSection
EndGlobal
